
Microsoft Visual Studio Solution File, Format Version 12.00
# Visual Studio 15
VisualStudioVersion = 15.0.28307.572
MinimumVisualStudioVersion = 10.0.40219.1
Project("{FAE04EC0-301F-11D3-BF4B-00C04F79EFBC}") = "PuebloMagicoH.Movil.GUI.Android", "PuebloMagicoH.Movil.GUI\PuebloMagicoH.Movil.GUI.Android\PuebloMagicoH.Movil.GUI.Android.csproj", "{5F515A53-36C3-4C26-9747-E511FB1F23BF}"
EndProject
Project("{FAE04EC0-301F-11D3-BF4B-00C04F79EFBC}") = "PuebloMagicoH.Movil.GUI.iOS", "PuebloMagicoH.Movil.GUI\PuebloMagicoH.Movil.GUI.iOS\PuebloMagicoH.Movil.GUI.iOS.csproj", "{1C5AAB93-1631-44ED-896B-28BF3430C22B}"
EndProject
Project("{9A19103F-16F7-4668-BE54-9A1E7A4F7556}") = "PuebloMagicoH.Movil.GUI", "PuebloMagicoH.Movil.GUI\PuebloMagicoH.Movil.GUI\PuebloMagicoH.Movil.GUI.csproj", "{9A986E26-CF18-41AB-A9C5-7B809368EE38}"
EndProject
Project("{9A19103F-16F7-4668-BE54-9A1E7A4F7556}") = "PuebloMagicoH.COMMON", "PuebloMagicoH.COMMON\PuebloMagicoH.COMMON.csproj", "{37ED2700-330E-40BA-8056-4F0FD3865F42}"
EndProject
Project("{2150E333-8FDC-42A3-9474-1A3956D46DE8}") = "CapasBase", "CapasBase", "{8F021EF3-BC61-4161-8124-69841AC6FCDC}"
EndProject
Project("{2150E333-8FDC-42A3-9474-1A3956D46DE8}") = "AppMovil", "AppMovil", "{01329BA2-4F8A-41CE-9C7B-02866E1E4A68}"
EndProject
Project("{9A19103F-16F7-4668-BE54-9A1E7A4F7556}") = "PuebloMagicoH.DAL", "PuebloMagicoH.DAL\PuebloMagicoH.DAL.csproj", "{32E488ED-115D-4B1F-9964-3AC5F52D4BA2}"
EndProject
Project("{9A19103F-16F7-4668-BE54-9A1E7A4F7556}") = "PuebloMagicoH.BIZ", "PuebloMagicoH.BIZ\PuebloMagicoH.BIZ.csproj", "{D9EB5458-3974-4943-83E8-9C1A0267233C}"
EndProject
Global
	GlobalSection(SolutionConfigurationPlatforms) = preSolution
		Ad-Hoc|Any CPU = Ad-Hoc|Any CPU
		Ad-Hoc|iPhone = Ad-Hoc|iPhone
		Ad-Hoc|iPhoneSimulator = Ad-Hoc|iPhoneSimulator
		AppStore|Any CPU = AppStore|Any CPU
		AppStore|iPhone = AppStore|iPhone
		AppStore|iPhoneSimulator = AppStore|iPhoneSimulator
		Debug|Any CPU = Debug|Any CPU
		Debug|iPhone = Debug|iPhone
		Debug|iPhoneSimulator = Debug|iPhoneSimulator
		Release|Any CPU = Release|Any CPU
		Release|iPhone = Release|iPhone
		Release|iPhoneSimulator = Release|iPhoneSimulator
	EndGlobalSection
	GlobalSection(ProjectConfigurationPlatforms) = postSolution
		{5F515A53-36C3-4C26-9747-E511FB1F23BF}.Ad-Hoc|Any CPU.ActiveCfg = Release|Any CPU
		{5F515A53-36C3-4C26-9747-E511FB1F23BF}.Ad-Hoc|Any CPU.Build.0 = Release|Any CPU
		{5F515A53-36C3-4C26-9747-E511FB1F23BF}.Ad-Hoc|Any CPU.Deploy.0 = Release|Any CPU
		{5F515A53-36C3-4C26-9747-E511FB1F23BF}.Ad-Hoc|iPhone.ActiveCfg = Release|Any CPU
		{5F515A53-36C3-4C26-9747-E511FB1F23BF}.Ad-Hoc|iPhone.Build.0 = Release|Any CPU
		{5F515A53-36C3-4C26-9747-E511FB1F23BF}.Ad-Hoc|iPhone.Deploy.0 = Release|Any CPU
		{5F515A53-36C3-4C26-9747-E511FB1F23BF}.Ad-Hoc|iPhoneSimulator.ActiveCfg = Release|Any CPU
		{5F515A53-36C3-4C26-9747-E511FB1F23BF}.Ad-Hoc|iPhoneSimulator.Build.0 = Release|Any CPU
		{5F515A53-36C3-4C26-9747-E511FB1F23BF}.Ad-Hoc|iPhoneSimulator.Deploy.0 = Release|Any CPU
		{5F515A53-36C3-4C26-9747-E511FB1F23BF}.AppStore|Any CPU.ActiveCfg = Release|Any CPU
		{5F515A53-36C3-4C26-9747-E511FB1F23BF}.AppStore|Any CPU.Build.0 = Release|Any CPU
		{5F515A53-36C3-4C26-9747-E511FB1F23BF}.AppStore|Any CPU.Deploy.0 = Release|Any CPU
		{5F515A53-36C3-4C26-9747-E511FB1F23BF}.AppStore|iPhone.ActiveCfg = Release|Any CPU
		{5F515A53-36C3-4C26-9747-E511FB1F23BF}.AppStore|iPhone.Build.0 = Release|Any CPU
		{5F515A53-36C3-4C26-9747-E511FB1F23BF}.AppStore|iPhone.Deploy.0 = Release|Any CPU
		{5F515A53-36C3-4C26-9747-E511FB1F23BF}.AppStore|iPhoneSimulator.ActiveCfg = Release|Any CPU
		{5F515A53-36C3-4C26-9747-E511FB1F23BF}.AppStore|iPhoneSimulator.Build.0 = Release|Any CPU
		{5F515A53-36C3-4C26-9747-E511FB1F23BF}.AppStore|iPhoneSimulator.Deploy.0 = Release|Any CPU
		{5F515A53-36C3-4C26-9747-E511FB1F23BF}.Debug|Any CPU.ActiveCfg = Debug|Any CPU
		{5F515A53-36C3-4C26-9747-E511FB1F23BF}.Debug|Any CPU.Build.0 = Debug|Any CPU
		{5F515A53-36C3-4C26-9747-E511FB1F23BF}.Debug|Any CPU.Deploy.0 = Debug|Any CPU
		{5F515A53-36C3-4C26-9747-E511FB1F23BF}.Debug|iPhone.ActiveCfg = Debug|Any CPU
		{5F515A53-36C3-4C26-9747-E511FB1F23BF}.Debug|iPhone.Build.0 = Debug|Any CPU
		{5F515A53-36C3-4C26-9747-E511FB1F23BF}.Debug|iPhone.Deploy.0 = Debug|Any CPU
		{5F515A53-36C3-4C26-9747-E511FB1F23BF}.Debug|iPhoneSimulator.ActiveCfg = Debug|Any CPU
		{5F515A53-36C3-4C26-9747-E511FB1F23BF}.Debug|iPhoneSimulator.Build.0 = Debug|Any CPU
		{5F515A53-36C3-4C26-9747-E511FB1F23BF}.Debug|iPhoneSimulator.Deploy.0 = Debug|Any CPU
		{5F515A53-36C3-4C26-9747-E511FB1F23BF}.Release|Any CPU.ActiveCfg = Release|Any CPU
		{5F515A53-36C3-4C26-9747-E511FB1F23BF}.Release|Any CPU.Build.0 = Release|Any CPU
		{5F515A53-36C3-4C26-9747-E511FB1F23BF}.Release|Any CPU.Deploy.0 = Release|Any CPU
		{5F515A53-36C3-4C26-9747-E511FB1F23BF}.Release|iPhone.ActiveCfg = Release|Any CPU
		{5F515A53-36C3-4C26-9747-E511FB1F23BF}.Release|iPhone.Build.0 = Release|Any CPU
		{5F515A53-36C3-4C26-9747-E511FB1F23BF}.Release|iPhone.Deploy.0 = Release|Any CPU
		{5F515A53-36C3-4C26-9747-E511FB1F23BF}.Release|iPhoneSimulator.ActiveCfg = Release|Any CPU
		{5F515A53-36C3-4C26-9747-E511FB1F23BF}.Release|iPhoneSimulator.Build.0 = Release|Any CPU
		{5F515A53-36C3-4C26-9747-E511FB1F23BF}.Release|iPhoneSimulator.Deploy.0 = Release|Any CPU
		{1C5AAB93-1631-44ED-896B-28BF3430C22B}.Ad-Hoc|Any CPU.ActiveCfg = Ad-Hoc|iPhone
		{1C5AAB93-1631-44ED-896B-28BF3430C22B}.Ad-Hoc|iPhone.ActiveCfg = Ad-Hoc|iPhone
		{1C5AAB93-1631-44ED-896B-28BF3430C22B}.Ad-Hoc|iPhone.Build.0 = Ad-Hoc|iPhone
		{1C5AAB93-1631-44ED-896B-28BF3430C22B}.Ad-Hoc|iPhoneSimulator.ActiveCfg = Ad-Hoc|iPhoneSimulator
		{1C5AAB93-1631-44ED-896B-28BF3430C22B}.Ad-Hoc|iPhoneSimulator.Build.0 = Ad-Hoc|iPhoneSimulator
		{1C5AAB93-1631-44ED-896B-28BF3430C22B}.AppStore|Any CPU.ActiveCfg = AppStore|iPhone
		{1C5AAB93-1631-44ED-896B-28BF3430C22B}.AppStore|iPhone.ActiveCfg = AppStore|iPhone
		{1C5AAB93-1631-44ED-896B-28BF3430C22B}.AppStore|iPhone.Build.0 = AppStore|iPhone
		{1C5AAB93-1631-44ED-896B-28BF3430C22B}.AppStore|iPhoneSimulator.ActiveCfg = AppStore|iPhoneSimulator
		{1C5AAB93-1631-44ED-896B-28BF3430C22B}.AppStore|iPhoneSimulator.Build.0 = AppStore|iPhoneSimulator
		{1C5AAB93-1631-44ED-896B-28BF3430C22B}.Debug|Any CPU.ActiveCfg = Debug|iPhone
		{1C5AAB93-1631-44ED-896B-28BF3430C22B}.Debug|iPhone.ActiveCfg = Debug|iPhone
		{1C5AAB93-1631-44ED-896B-28BF3430C22B}.Debug|iPhone.Build.0 = Debug|iPhone
		{1C5AAB93-1631-44ED-896B-28BF3430C22B}.Debug|iPhoneSimulator.ActiveCfg = Debug|iPhoneSimulator
		{1C5AAB93-1631-44ED-896B-28BF3430C22B}.Debug|iPhoneSimulator.Build.0 = Debug|iPhoneSimulator
		{1C5AAB93-1631-44ED-896B-28BF3430C22B}.Release|Any CPU.ActiveCfg = Release|iPhone
		{1C5AAB93-1631-44ED-896B-28BF3430C22B}.Release|iPhone.ActiveCfg = Release|iPhone
		{1C5AAB93-1631-44ED-896B-28BF3430C22B}.Release|iPhone.Build.0 = Release|iPhone
		{1C5AAB93-1631-44ED-896B-28BF3430C22B}.Release|iPhoneSimulator.ActiveCfg = Release|iPhoneSimulator
		{1C5AAB93-1631-44ED-896B-28BF3430C22B}.Release|iPhoneSimulator.Build.0 = Release|iPhoneSimulator
		{9A986E26-CF18-41AB-A9C5-7B809368EE38}.Ad-Hoc|Any CPU.ActiveCfg = Debug|Any CPU
		{9A986E26-CF18-41AB-A9C5-7B809368EE38}.Ad-Hoc|Any CPU.Build.0 = Debug|Any CPU
		{9A986E26-CF18-41AB-A9C5-7B809368EE38}.Ad-Hoc|iPhone.ActiveCfg = Debug|Any CPU
		{9A986E26-CF18-41AB-A9C5-7B809368EE38}.Ad-Hoc|iPhone.Build.0 = Debug|Any CPU
		{9A986E26-CF18-41AB-A9C5-7B809368EE38}.Ad-Hoc|iPhoneSimulator.ActiveCfg = Debug|Any CPU
		{9A986E26-CF18-41AB-A9C5-7B809368EE38}.Ad-Hoc|iPhoneSimulator.Build.0 = Debug|Any CPU
		{9A986E26-CF18-41AB-A9C5-7B809368EE38}.AppStore|Any CPU.ActiveCfg = Debug|Any CPU
		{9A986E26-CF18-41AB-A9C5-7B809368EE38}.AppStore|Any CPU.Build.0 = Debug|Any CPU
		{9A986E26-CF18-41AB-A9C5-7B809368EE38}.AppStore|iPhone.ActiveCfg = Debug|Any CPU
		{9A986E26-CF18-41AB-A9C5-7B809368EE38}.AppStore|iPhone.Build.0 = Debug|Any CPU
		{9A986E26-CF18-41AB-A9C5-7B809368EE38}.AppStore|iPhoneSimulator.ActiveCfg = Debug|Any CPU
		{9A986E26-CF18-41AB-A9C5-7B809368EE38}.AppStore|iPhoneSimulator.Build.0 = Debug|Any CPU
		{9A986E26-CF18-41AB-A9C5-7B809368EE38}.Debug|Any CPU.ActiveCfg = Debug|Any CPU
		{9A986E26-CF18-41AB-A9C5-7B809368EE38}.Debug|Any CPU.Build.0 = Debug|Any CPU
		{9A986E26-CF18-41AB-A9C5-7B809368EE38}.Debug|iPhone.ActiveCfg = Debug|Any CPU
		{9A986E26-CF18-41AB-A9C5-7B809368EE38}.Debug|iPhone.Build.0 = Debug|Any CPU
		{9A986E26-CF18-41AB-A9C5-7B809368EE38}.Debug|iPhoneSimulator.ActiveCfg = Debug|Any CPU
		{9A986E26-CF18-41AB-A9C5-7B809368EE38}.Debug|iPhoneSimulator.Build.0 = Debug|Any CPU
		{9A986E26-CF18-41AB-A9C5-7B809368EE38}.Release|Any CPU.ActiveCfg = Release|Any CPU
		{9A986E26-CF18-41AB-A9C5-7B809368EE38}.Release|Any CPU.Build.0 = Release|Any CPU
		{9A986E26-CF18-41AB-A9C5-7B809368EE38}.Release|iPhone.ActiveCfg = Release|Any CPU
		{9A986E26-CF18-41AB-A9C5-7B809368EE38}.Release|iPhone.Build.0 = Release|Any CPU
		{9A986E26-CF18-41AB-A9C5-7B809368EE38}.Release|iPhoneSimulator.ActiveCfg = Release|Any CPU
		{9A986E26-CF18-41AB-A9C5-7B809368EE38}.Release|iPhoneSimulator.Build.0 = Release|Any CPU
		{37ED2700-330E-40BA-8056-4F0FD3865F42}.Ad-Hoc|Any CPU.ActiveCfg = Debug|Any CPU
		{37ED2700-330E-40BA-8056-4F0FD3865F42}.Ad-Hoc|Any CPU.Build.0 = Debug|Any CPU
		{37ED2700-330E-40BA-8056-4F0FD3865F42}.Ad-Hoc|iPhone.ActiveCfg = Debug|Any CPU
		{37ED2700-330E-40BA-8056-4F0FD3865F42}.Ad-Hoc|iPhone.Build.0 = Debug|Any CPU
		{37ED2700-330E-40BA-8056-4F0FD3865F42}.Ad-Hoc|iPhoneSimulator.ActiveCfg = Debug|Any CPU
		{37ED2700-330E-40BA-8056-4F0FD3865F42}.Ad-Hoc|iPhoneSimulator.Build.0 = Debug|Any CPU
		{37ED2700-330E-40BA-8056-4F0FD3865F42}.AppStore|Any CPU.ActiveCfg = Debug|Any CPU
		{37ED2700-330E-40BA-8056-4F0FD3865F42}.AppStore|Any CPU.Build.0 = Debug|Any CPU
		{37ED2700-330E-40BA-8056-4F0FD3865F42}.AppStore|iPhone.ActiveCfg = Debug|Any CPU
		{37ED2700-330E-40BA-8056-4F0FD3865F42}.AppStore|iPhone.Build.0 = Debug|Any CPU
		{37ED2700-330E-40BA-8056-4F0FD3865F42}.AppStore|iPhoneSimulator.ActiveCfg = Debug|Any CPU
		{37ED2700-330E-40BA-8056-4F0FD3865F42}.AppStore|iPhoneSimulator.Build.0 = Debug|Any CPU
		{37ED2700-330E-40BA-8056-4F0FD3865F42}.Debug|Any CPU.ActiveCfg = Debug|Any CPU
		{37ED2700-330E-40BA-8056-4F0FD3865F42}.Debug|Any CPU.Build.0 = Debug|Any CPU
		{37ED2700-330E-40BA-8056-4F0FD3865F42}.Debug|iPhone.ActiveCfg = Debug|Any CPU
		{37ED2700-330E-40BA-8056-4F0FD3865F42}.Debug|iPhone.Build.0 = Debug|Any CPU
		{37ED2700-330E-40BA-8056-4F0FD3865F42}.Debug|iPhoneSimulator.ActiveCfg = Debug|Any CPU
		{37ED2700-330E-40BA-8056-4F0FD3865F42}.Debug|iPhoneSimulator.Build.0 = Debug|Any CPU
		{37ED2700-330E-40BA-8056-4F0FD3865F42}.Release|Any CPU.ActiveCfg = Release|Any CPU
		{37ED2700-330E-40BA-8056-4F0FD3865F42}.Release|Any CPU.Build.0 = Release|Any CPU
		{37ED2700-330E-40BA-8056-4F0FD3865F42}.Release|iPhone.ActiveCfg = Release|Any CPU
		{37ED2700-330E-40BA-8056-4F0FD3865F42}.Release|iPhone.Build.0 = Release|Any CPU
		{37ED2700-330E-40BA-8056-4F0FD3865F42}.Release|iPhoneSimulator.ActiveCfg = Release|Any CPU
		{37ED2700-330E-40BA-8056-4F0FD3865F42}.Release|iPhoneSimulator.Build.0 = Release|Any CPU
		{32E488ED-115D-4B1F-9964-3AC5F52D4BA2}.Ad-Hoc|Any CPU.ActiveCfg = Debug|Any CPU
		{32E488ED-115D-4B1F-9964-3AC5F52D4BA2}.Ad-Hoc|Any CPU.Build.0 = Debug|Any CPU
		{32E488ED-115D-4B1F-9964-3AC5F52D4BA2}.Ad-Hoc|iPhone.ActiveCfg = Debug|Any CPU
		{32E488ED-115D-4B1F-9964-3AC5F52D4BA2}.Ad-Hoc|iPhone.Build.0 = Debug|Any CPU
		{32E488ED-115D-4B1F-9964-3AC5F52D4BA2}.Ad-Hoc|iPhoneSimulator.ActiveCfg = Debug|Any CPU
		{32E488ED-115D-4B1F-9964-3AC5F52D4BA2}.Ad-Hoc|iPhoneSimulator.Build.0 = Debug|Any CPU
		{32E488ED-115D-4B1F-9964-3AC5F52D4BA2}.AppStore|Any CPU.ActiveCfg = Debug|Any CPU
		{32E488ED-115D-4B1F-9964-3AC5F52D4BA2}.AppStore|Any CPU.Build.0 = Debug|Any CPU
		{32E488ED-115D-4B1F-9964-3AC5F52D4BA2}.AppStore|iPhone.ActiveCfg = Debug|Any CPU
		{32E488ED-115D-4B1F-9964-3AC5F52D4BA2}.AppStore|iPhone.Build.0 = Debug|Any CPU
		{32E488ED-115D-4B1F-9964-3AC5F52D4BA2}.AppStore|iPhoneSimulator.ActiveCfg = Debug|Any CPU
		{32E488ED-115D-4B1F-9964-3AC5F52D4BA2}.AppStore|iPhoneSimulator.Build.0 = Debug|Any CPU
		{32E488ED-115D-4B1F-9964-3AC5F52D4BA2}.Debug|Any CPU.ActiveCfg = Debug|Any CPU
		{32E488ED-115D-4B1F-9964-3AC5F52D4BA2}.Debug|Any CPU.Build.0 = Debug|Any CPU
		{32E488ED-115D-4B1F-9964-3AC5F52D4BA2}.Debug|iPhone.ActiveCfg = Debug|Any CPU
		{32E488ED-115D-4B1F-9964-3AC5F52D4BA2}.Debug|iPhone.Build.0 = Debug|Any CPU
		{32E488ED-115D-4B1F-9964-3AC5F52D4BA2}.Debug|iPhoneSimulator.ActiveCfg = Debug|Any CPU
		{32E488ED-115D-4B1F-9964-3AC5F52D4BA2}.Debug|iPhoneSimulator.Build.0 = Debug|Any CPU
		{32E488ED-115D-4B1F-9964-3AC5F52D4BA2}.Release|Any CPU.ActiveCfg = Release|Any CPU
		{32E488ED-115D-4B1F-9964-3AC5F52D4BA2}.Release|Any CPU.Build.0 = Release|Any CPU
		{32E488ED-115D-4B1F-9964-3AC5F52D4BA2}.Release|iPhone.ActiveCfg = Release|Any CPU
		{32E488ED-115D-4B1F-9964-3AC5F52D4BA2}.Release|iPhone.Build.0 = Release|Any CPU
		{32E488ED-115D-4B1F-9964-3AC5F52D4BA2}.Release|iPhoneSimulator.ActiveCfg = Release|Any CPU
		{32E488ED-115D-4B1F-9964-3AC5F52D4BA2}.Release|iPhoneSimulator.Build.0 = Release|Any CPU
		{D9EB5458-3974-4943-83E8-9C1A0267233C}.Ad-Hoc|Any CPU.ActiveCfg = Debug|Any CPU
		{D9EB5458-3974-4943-83E8-9C1A0267233C}.Ad-Hoc|Any CPU.Build.0 = Debug|Any CPU
		{D9EB5458-3974-4943-83E8-9C1A0267233C}.Ad-Hoc|iPhone.ActiveCfg = Debug|Any CPU
		{D9EB5458-3974-4943-83E8-9C1A0267233C}.Ad-Hoc|iPhone.Build.0 = Debug|Any CPU
		{D9EB5458-3974-4943-83E8-9C1A0267233C}.Ad-Hoc|iPhoneSimulator.ActiveCfg = Debug|Any CPU
		{D9EB5458-3974-4943-83E8-9C1A0267233C}.Ad-Hoc|iPhoneSimulator.Build.0 = Debug|Any CPU
		{D9EB5458-3974-4943-83E8-9C1A0267233C}.AppStore|Any CPU.ActiveCfg = Debug|Any CPU
		{D9EB5458-3974-4943-83E8-9C1A0267233C}.AppStore|Any CPU.Build.0 = Debug|Any CPU
		{D9EB5458-3974-4943-83E8-9C1A0267233C}.AppStore|iPhone.ActiveCfg = Debug|Any CPU
		{D9EB5458-3974-4943-83E8-9C1A0267233C}.AppStore|iPhone.Build.0 = Debug|Any CPU
		{D9EB5458-3974-4943-83E8-9C1A0267233C}.AppStore|iPhoneSimulator.ActiveCfg = Debug|Any CPU
		{D9EB5458-3974-4943-83E8-9C1A0267233C}.AppStore|iPhoneSimulator.Build.0 = Debug|Any CPU
		{D9EB5458-3974-4943-83E8-9C1A0267233C}.Debug|Any CPU.ActiveCfg = Debug|Any CPU
		{D9EB5458-3974-4943-83E8-9C1A0267233C}.Debug|Any CPU.Build.0 = Debug|Any CPU
		{D9EB5458-3974-4943-83E8-9C1A0267233C}.Debug|iPhone.ActiveCfg = Debug|Any CPU
		{D9EB5458-3974-4943-83E8-9C1A0267233C}.Debug|iPhone.Build.0 = Debug|Any CPU
		{D9EB5458-3974-4943-83E8-9C1A0267233C}.Debug|iPhoneSimulator.ActiveCfg = Debug|Any CPU
		{D9EB5458-3974-4943-83E8-9C1A0267233C}.Debug|iPhoneSimulator.Build.0 = Debug|Any CPU
		{D9EB5458-3974-4943-83E8-9C1A0267233C}.Release|Any CPU.ActiveCfg = Release|Any CPU
		{D9EB5458-3974-4943-83E8-9C1A0267233C}.Release|Any CPU.Build.0 = Release|Any CPU
		{D9EB5458-3974-4943-83E8-9C1A0267233C}.Release|iPhone.ActiveCfg = Release|Any CPU
		{D9EB5458-3974-4943-83E8-9C1A0267233C}.Release|iPhone.Build.0 = Release|Any CPU
		{D9EB5458-3974-4943-83E8-9C1A0267233C}.Release|iPhoneSimulator.ActiveCfg = Release|Any CPU
		{D9EB5458-3974-4943-83E8-9C1A0267233C}.Release|iPhoneSimulator.Build.0 = Release|Any CPU
	EndGlobalSection
	GlobalSection(SolutionProperties) = preSolution
		HideSolutionNode = FALSE
	EndGlobalSection
	GlobalSection(NestedProjects) = preSolution
		{5F515A53-36C3-4C26-9747-E511FB1F23BF} = {01329BA2-4F8A-41CE-9C7B-02866E1E4A68}
		{1C5AAB93-1631-44ED-896B-28BF3430C22B} = {01329BA2-4F8A-41CE-9C7B-02866E1E4A68}
		{9A986E26-CF18-41AB-A9C5-7B809368EE38} = {01329BA2-4F8A-41CE-9C7B-02866E1E4A68}
		{37ED2700-330E-40BA-8056-4F0FD3865F42} = {8F021EF3-BC61-4161-8124-69841AC6FCDC}
		{32E488ED-115D-4B1F-9964-3AC5F52D4BA2} = {8F021EF3-BC61-4161-8124-69841AC6FCDC}
		{D9EB5458-3974-4943-83E8-9C1A0267233C} = {8F021EF3-BC61-4161-8124-69841AC6FCDC}
	EndGlobalSection
	GlobalSection(ExtensibilityGlobals) = postSolution
		SolutionGuid = {1CA7ABB3-18E2-40CA-B2C0-EC9729B196FF}
	EndGlobalSection
EndGlobal
